
Microsoft Visual Studio Solution File, Format Version 12.00
# Visual Studio Version 17
VisualStudioVersion = 17.8.34330.188
MinimumVisualStudioVersion = 10.0.40219.1
Project("{FAE04EC0-301F-11D3-BF4B-00C04F79EFBC}") = "FaultCatalogAPI", "FaultCatalogAPI\FaultCatalogAPI.csproj", "{6E0DA07A-C405-4967-8E1D-8CD9B91AE8AA}"
EndProject
Global
	GlobalSection(SolutionConfigurationPlatforms) = preSolution
		Debug|Any CPU = Debug|Any CPU
		Release|Any CPU = Release|Any CPU
	EndGlobalSection
	GlobalSection(ProjectConfigurationPlatforms) = postSolution
		{6E0DA07A-C405-4967-8E1D-8CD9B91AE8AA}.Debug|Any CPU.ActiveCfg = Debug|Any CPU
		{6E0DA07A-C405-4967-8E1D-8CD9B91AE8AA}.Debug|Any CPU.Build.0 = Debug|Any CPU
		{6E0DA07A-C405-4967-8E1D-8CD9B91AE8AA}.Release|Any CPU.ActiveCfg = Release|Any CPU
		{6E0DA07A-C405-4967-8E1D-8CD9B91AE8AA}.Release|Any CPU.Build.0 = Release|Any CPU
	EndGlobalSection
	GlobalSection(SolutionProperties) = preSolution
		HideSolutionNode = FALSE
	EndGlobalSection
	GlobalSection(ExtensibilityGlobals) = postSolution
		SolutionGuid = {54EDADC2-EF0E-4B6D-849D-4F8332D34D05}
	EndGlobalSection
EndGlobal
